{
  "name": "black-hole-duet",
  "lockfileVersion": 3,
  "requires": true,
  "packages": {
    "": {
      "dependencies": {
        "soundtouchjs": "^0.3.0"
      }
    },
    "node_modules/soundtouchjs": {
      "version": "0.3.0",
      "resolved": "https://registry.npmjs.org/soundtouchjs/-/soundtouchjs-0.3.0.tgz",
      "integrity": "sha512-P/+SwnIE4BLrMbYK8aB8+GfXRfLv3+BV8HFMrEqOuF0F9BsI3sKEN1T+kY/JqiVURcCQgr50BC8D/uVzE/GozQ==",
      "license": "LGPL-2.1"
    }
  }
}
